// !$*UTF8*$!
{
	archiveVersion = 1;
	classes = {
	};
	objectVersion = 56;
	objects = {

/* Begin PBXBuildFile section */
		0A28080D299568A9005E743D /* AddBookScreen.swift in Sources */ = {isa = PBXBuildFile; fileRef = 0A28080C299568A9005E743D /* AddBookScreen.swift */; };
		0A28080F2995713C005E743D /* RatingView.swift in Sources */ = {isa = PBXBuildFile; fileRef = 0A28080E2995713C005E743D /* RatingView.swift */; };
		0A2DA6E82994206D00AE4087 /* BookWorm.xcdatamodeld in Sources */ = {isa = PBXBuildFile; fileRef = 0A2DA6E62994206D00AE4087 /* BookWorm.xcdatamodeld */; };
		0A2DA6EA299420C400AE4087 /* DataController.swift in Sources */ = {isa = PBXBuildFile; fileRef = 0A2DA6E9299420C400AE4087 /* DataController.swift */; };
		0A57AE6D2997E21F000F05B9 /* EmojiRatingView.swift in Sources */ = {isa = PBXBuildFile; fileRef = 0A57AE6C2997E21F000F05B9 /* EmojiRatingView.swift */; };
		0A57AE6F2997E8C0000F05B9 /* DetailView.swift in Sources */ = {isa = PBXBuildFile; fileRef = 0A57AE6E2997E8C0000F05B9 /* DetailView.swift */; };
		0ACBA2F22992CB460043D533 /* BookwormApp.swift in Sources */ = {isa = PBXBuildFile; fileRef = 0ACBA2F12992CB460043D533 /* BookwormApp.swift */; };
		0ACBA2F42992CB460043D533 /* HomeScreen.swift in Sources */ = {isa = PBXBuildFile; fileRef = 0ACBA2F32992CB460043D533 /* HomeScreen.swift */; };
		0ACBA2F62992CB470043D533 /* Assets.xcassets in Resources */ = {isa = PBXBuildFile; fileRef = 0ACBA2F52992CB470043D533 /* Assets.xcassets */; };
		0ACBA2F92992CB470043D533 /* Preview Assets.xcassets in Resources */ = {isa = PBXBuildFile; fileRef = 0ACBA2F82992CB470043D533 /* Preview Assets.xcassets */; };
/* End PBXBuildFile section */

/* Begin PBXFileReference section */
		0A28080C299568A9005E743D /* AddBookScreen.swift */ = {isa = PBXFileReference; lastKnownFileType = sourcecode.swift; path = AddBookScreen.swift; sourceTree = "<group>"; };
		0A28080E2995713C005E743D /* RatingView.swift */ = {isa = PBXFileReference; lastKnownFileType = sourcecode.swift; path = RatingView.swift; sourceTree = "<group>"; };
		0A2DA6E72994206D00AE4087 /* BookWorm.xcdatamodel */ = {isa = PBXFileReference; lastKnownFileType = wrapper.xcdatamodel; path = BookWorm.xcdatamodel; sourceTree = "<group>"; };
		0A2DA6E9299420C400AE4087 /* DataController.swift */ = {isa = PBXFileReference; lastKnownFileType = sourcecode.swift; path = DataController.swift; sourceTree = "<group>"; };
		0A57AE6C2997E21F000F05B9 /* EmojiRatingView.swift */ = {isa = PBXFileReference; lastKnownFileType = sourcecode.swift; path = EmojiRatingView.swift; sourceTree = "<group>"; };
		0A57AE6E2997E8C0000F05B9 /* DetailView.swift */ = {isa = PBXFileReference; lastKnownFileType = sourcecode.swift; path = DetailView.swift; sourceTree = "<group>"; };
		0ACBA2EE2992CB460043D533 /* Bookworm.app */ = {isa = PBXFileReference; explicitFileType = wrapper.application; includeInIndex = 0; path = Bookworm.app; sourceTree = BUILT_PRODUCTS_DIR; };
		0ACBA2F12992CB460043D533 /* BookwormApp.swift */ = {isa = PBXFileReference; lastKnownFileType = sourcecode.swift; path = BookwormApp.swift; sourceTree = "<group>"; };
		0ACBA2F32992CB460043D533 /* HomeScreen.swift */ = {isa = PBXFileReference; lastKnownFileType = sourcecode.swift; path = HomeScreen.swift; sourceTree = "<group>"; };
		0ACBA2F52992CB470043D533 /* Assets.xcassets */ = {isa = PBXFileReference; lastKnownFileType = folder.assetcatalog; path = Assets.xcassets; sourceTree = "<group>"; };
		0ACBA2F82992CB470043D533 /* Preview Assets.xcassets */ = {isa = PBXFileReference; lastKnownFileType = folder.assetcatalog; path = "Preview Assets.xcassets"; sourceTree = "<group>"; };
/* End PBXFileReference section */

/* Begin PBXFrameworksBuildPhase section */
		0ACBA2EB2992CB460043D533 /* Frameworks */ = {
			isa = PBXFrameworksBuildPhase;
			buildActionMask = 2147483647;
			files = (
			);
			runOnlyForDeploymentPostprocessing = 0;
		};
/* End PBXFrameworksBuildPhase section */

/* Begin PBXGroup section */
		0A57AE702998105D000F05B9 /* Resources */ = {
			isa = PBXGroup;
			children = (
				0A57AE722998106E000F05B9 /* Catalog */,
				0A57AE7129981067000F05B9 /* Shared */,
			);
			path = Resources;
			sourceTree = "<group>";
		};
		0A57AE7129981067000F05B9 /* Shared */ = {
			isa = PBXGroup;
			children = (
			);
			path = Shared;
			sourceTree = "<group>";
		};
		0A57AE722998106E000F05B9 /* Catalog */ = {
			isa = PBXGroup;
			children = (
				0A2DA6E62994206D00AE4087 /* BookWorm.xcdatamodeld */,
				0ACBA2F52992CB470043D533 /* Assets.xcassets */,
			);
			path = Catalog;
			sourceTree = "<group>";
		};
		0A57AE7329981152000F05B9 /* Books */ = {
			isa = PBXGroup;
			children = (
				0A57AE7629981173000F05B9 /* ViewModels */,
				0A57AE752998116D000F05B9 /* Models */,
				0A57AE7429981167000F05B9 /* Views */,
			);
			path = Books;
			sourceTree = "<group>";
		};
		0A57AE7429981167000F05B9 /* Views */ = {
			isa = PBXGroup;
			children = (
				0A28080C299568A9005E743D /* AddBookScreen.swift */,
				0ACBA2F32992CB460043D533 /* HomeScreen.swift */,
				0A57AE7729981181000F05B9 /* Components */,
			);
			path = Views;
			sourceTree = "<group>";
		};
		0A57AE752998116D000F05B9 /* Models */ = {
			isa = PBXGroup;
			children = (
			);
			path = Models;
			sourceTree = "<group>";
		};
		0A57AE7629981173000F05B9 /* ViewModels */ = {
			isa = PBXGroup;
			children = (
				0A2DA6E9299420C400AE4087 /* DataController.swift */,
			);
			path = ViewModels;
			sourceTree = "<group>";
		};
		0A57AE7729981181000F05B9 /* Components */ = {
			isa = PBXGroup;
			children = (
				0A28080E2995713C005E743D /* RatingView.swift */,
				0A57AE6C2997E21F000F05B9 /* EmojiRatingView.swift */,
				0A57AE6E2997E8C0000F05B9 /* DetailView.swift */,
			);
			path = Components;
			sourceTree = "<group>";
		};
		0ACBA2E52992CB460043D533 = {
			isa = PBXGroup;
			children = (
				0ACBA2F02992CB460043D533 /* Bookworm */,
				0ACBA2EF2992CB460043D533 /* Products */,
			);
			sourceTree = "<group>";
		};
		0ACBA2EF2992CB460043D533 /* Products */ = {
			isa = PBXGroup;
			children = (
				0ACBA2EE2992CB460043D533 /* Bookworm.app */,
			);
			name = Products;
			sourceTree = "<group>";
		};
		0ACBA2F02992CB460043D533 /* Bookworm */ = {
			isa = PBXGroup;
			children = (
				0ACBA2F12992CB460043D533 /* BookwormApp.swift */,
				0A57AE702998105D000F05B9 /* Resources */,
				0A57AE7329981152000F05B9 /* Books */,
				0ACBA2F72992CB470043D533 /* Preview Content */,
			);
			path = Bookworm;
			sourceTree = "<group>";
		};
		0ACBA2F72992CB470043D533 /* Preview Content */ = {
			isa = PBXGroup;
			children = (
				0ACBA2F82992CB470043D533 /* Preview Assets.xcassets */,
			);
			path = "Preview Content";
			sourceTree = "<group>";
		};
/* End PBXGroup section */

/* Begin PBXNativeTarget section */
		0ACBA2ED2992CB460043D533 /* Bookworm */ = {
			isa = PBXNativeTarget;
			buildConfigurationList = 0ACBA2FC2992CB470043D533 /* Build configuration list for PBXNativeTarget "Bookworm" */;
			buildPhases = (
				0ACBA2EA2992CB460043D533 /* Sources */,
				0ACBA2EB2992CB460043D533 /* Frameworks */,
				0ACBA2EC2992CB460043D533 /* Resources */,
			);
			buildRules = (
			);
			dependencies = (
			);
			name = Bookworm;
			productName = Bookworm;
			productReference = 0ACBA2EE2992CB460043D533 /* Bookworm.app */;
			productType = "com.apple.product-type.application";
		};
/* End PBXNativeTarget section */

/* Begin PBXProject section */
		0ACBA2E62992CB460043D533 /* Project object */ = {
			isa = PBXProject;
			attributes = {
				BuildIndependentTargetsInParallel = 1;
				LastSwiftUpdateCheck = 1420;
				LastUpgradeCheck = 1420;
				TargetAttributes = {
					0ACBA2ED2992CB460043D533 = {
						CreatedOnToolsVersion = 14.2;
					};
				};
			};
			buildConfigurationList = 0ACBA2E92992CB460043D533 /* Build configuration list for PBXProject "Bookworm" */;
			compatibilityVersion = "Xcode 14.0";
			developmentRegion = en;
			hasScannedForEncodings = 0;
			knownRegions = (
				en,
				Base,
			);
			mainGroup = 0ACBA2E52992CB460043D533;
			productRefGroup = 0ACBA2EF2992CB460043D533 /* Products */;
			projectDirPath = "";
			projectRoot = "";
			targets = (
				0ACBA2ED2992CB460043D533 /* Bookworm */,
			);
		};
/* End PBXProject section */

/* Begin PBXResourcesBuildPhase section */
		0ACBA2EC2992CB460043D533 /* Resources */ = {
			isa = PBXResourcesBuildPhase;
			buildActionMask = 2147483647;
			files = (
				0ACBA2F92992CB470043D533 /* Preview Assets.xcassets in Resources */,
				0ACBA2F62992CB470043D533 /* Assets.xcassets in Resources */,
			);
			runOnlyForDeploymentPostprocessing = 0;
		};
/* End PBXResourcesBuildPhase section */

/* Begin PBXSourcesBuildPhase section */
		0ACBA2EA2992CB460043D533 /* Sources */ = {
			isa = PBXSourcesBuildPhase;
			buildActionMask = 2147483647;
			files = (
				0A2DA6E82994206D00AE4087 /* BookWorm.xcdatamodeld in Sources */,
				0A57AE6F2997E8C0000F05B9 /* DetailView.swift in Sources */,
				0A2DA6EA299420C400AE4087 /* DataController.swift in Sources */,
				0A57AE6D2997E21F000F05B9 /* EmojiRatingView.swift in Sources */,
				0ACBA2F42992CB460043D533 /* HomeScreen.swift in Sources */,
				0A28080F2995713C005E743D /* RatingView.swift in Sources */,
				0ACBA2F22992CB460043D533 /* BookwormApp.swift in Sources */,
				0A28080D299568A9005E743D /* AddBookScreen.swift in Sources */,
			);
			runOnlyForDeploymentPostprocessing = 0;
		};
/* End PBXSourcesBuildPhase section */

/* Begin XCBuildConfiguration section */
		0ACBA2FA2992CB470043D533 /* Debug */ = {
			isa = XCBuildConfiguration;
			buildSettings = {
				ALWAYS_SEARCH_USER_PATHS = NO;
				CLANG_ANALYZER_NONNULL = YES;
				CLANG_ANALYZER_NUMBER_OBJECT_CONVERSION = YES_AGGRESSIVE;
				CLANG_CXX_LANGUAGE_STANDARD = "gnu++20";
				CLANG_ENABLE_MODULES = YES;
				CLANG_ENABLE_OBJC_ARC = YES;
				CLANG_ENABLE_OBJC_WEAK = YES;
				CLANG_WARN_BLOCK_CAPTURE_AUTORELEASING = YES;
				CLANG_WARN_BOOL_CONVERSION = YES;
				CLANG_WARN_COMMA = YES;
				CLANG_WARN_CONSTANT_CONVERSION = YES;
				CLANG_WARN_DEPRECATED_OBJC_IMPLEMENTATIONS = YES;
				CLANG_WARN_DIRECT_OBJC_ISA_USAGE = YES_ERROR;
				CLANG_WARN_DOCUMENTATION_COMMENTS = YES;
				CLANG_WARN_EMPTY_BODY = YES;
				CLANG_WARN_ENUM_CONVERSION = YES;
				CLANG_WARN_INFINITE_RECURSION = YES;
				CLANG_WARN_INT_CONVERSION = YES;
				CLANG_WARN_NON_LITERAL_NULL_CONVERSION = YES;
				CLANG_WARN_OBJC_IMPLICIT_RETAIN_SELF = YES;
				CLANG_WARN_OBJC_LITERAL_CONVERSION = YES;
				CLANG_WARN_OBJC_ROOT_CLASS = YES_ERROR;
				CLANG_WARN_QUOTED_INCLUDE_IN_FRAMEWORK_HEADER = YES;
				CLANG_WARN_RANGE_LOOP_ANALYSIS = YES;
				CLANG_WARN_STRICT_PROTOTYPES = YES;
				CLANG_WARN_SUSPICIOUS_MOVE = YES;
				CLANG_WARN_UNGUARDED_AVAILABILITY = YES_AGGRESSIVE;
				CLANG_WARN_UNREACHABLE_CODE = YES;
				CLANG_WARN__DUPLICATE_METHOD_MATCH = YES;
				COPY_PHASE_STRIP = NO;
				DEBUG_INFORMATION_FORMAT = dwarf;
				ENABLE_STRICT_OBJC_MSGSEND = YES;
				ENABLE_TESTABILITY = YES;
				GCC_C_LANGUAGE_STANDARD = gnu11;
				GCC_DYNAMIC_NO_PIC = NO;
				GCC_NO_COMMON_BLOCKS = YES;
				GCC_OPTIMIZATION_LEVEL = 0;
				GCC_PREPROCESSOR_DEFINITIONS = (
					"DEBUG=1",
					"$(inherited)",
				);
				GCC_WARN_64_TO_32_BIT_CONVERSION = YES;
				GCC_WARN_ABOUT_RETURN_TYPE = YES_ERROR;
				GCC_WARN_UNDECLARED_SELECTOR = YES;
				GCC_WARN_UNINITIALIZED_AUTOS = YES_AGGRESSIVE;
				GCC_WARN_UNUSED_FUNCTION = YES;
				GCC_WARN_UNUSED_VARIABLE = YES;
				IPHONEOS_DEPLOYMENT_TARGET = 16.2;
				MTL_ENABLE_DEBUG_INFO = INCLUDE_SOURCE;
				MTL_FAST_MATH = YES;
				ONLY_ACTIVE_ARCH = YES;
				SDKROOT = iphoneos;
				SWIFT_ACTIVE_COMPILATION_CONDITIONS = DEBUG;
				SWIFT_OPTIMIZATION_LEVEL = "-Onone";
			};
			name = Debug;
		};
		0ACBA2FB2992CB470043D533 /* Release */ = {
			isa = XCBuildConfiguration;
			buildSettings = {
				ALWAYS_SEARCH_USER_PATHS = NO;
				CLANG_ANALYZER_NONNULL = YES;
				CLANG_ANALYZER_NUMBER_OBJECT_CONVERSION = YES_AGGRESSIVE;
				CLANG_CXX_LANGUAGE_STANDARD = "gnu++20";
				CLANG_ENABLE_MODULES = YES;
				CLANG_ENABLE_OBJC_ARC = YES;
				CLANG_ENABLE_OBJC_WEAK = YES;
				CLANG_WARN_BLOCK_CAPTURE_AUTORELEASING = YES;
				CLANG_WARN_BOOL_CONVERSION = YES;
				CLANG_WARN_COMMA = YES;
				CLANG_WARN_CONSTANT_CONVERSION = YES;
				CLANG_WARN_DEPRECATED_OBJC_IMPLEMENTATIONS = YES;
				CLANG_WARN_DIRECT_OBJC_ISA_USAGE = YES_ERROR;
				CLANG_WARN_DOCUMENTATION_COMMENTS = YES;
				CLANG_WARN_EMPTY_BODY = YES;
				CLANG_WARN_ENUM_CONVERSION = YES;
				CLANG_WARN_INFINITE_RECURSION = YES;
				CLANG_WARN_INT_CONVERSION = YES;
				CLANG_WARN_NON_LITERAL_NULL_CONVERSION = YES;
				CLANG_WARN_OBJC_IMPLICIT_RETAIN_SELF = YES;
				CLANG_WARN_OBJC_LITERAL_CONVERSION = YES;
				CLANG_WARN_OBJC_ROOT_CLASS = YES_ERROR;
				CLANG_WARN_QUOTED_INCLUDE_IN_FRAMEWORK_HEADER = YES;
				CLANG_WARN_RANGE_LOOP_ANALYSIS = YES;
				CLANG_WARN_STRICT_PROTOTYPES = YES;
				CLANG_WARN_SUSPICIOUS_MOVE = YES;
				CLANG_WARN_UNGUARDED_AVAILABILITY = YES_AGGRESSIVE;
				CLANG_WARN_UNREACHABLE_CODE = YES;
				CLANG_WARN__DUPLICATE_METHOD_MATCH = YES;
				COPY_PHASE_STRIP = NO;
				DEBUG_INFORMATION_FORMAT = "dwarf-with-dsym";
				ENABLE_NS_ASSERTIONS = NO;
				ENABLE_STRICT_OBJC_MSGSEND = YES;
				GCC_C_LANGUAGE_STANDARD = gnu11;
				GCC_NO_COMMON_BLOCKS = YES;
				GCC_WARN_64_TO_32_BIT_CONVERSION = YES;
				GCC_WARN_ABOUT_RETURN_TYPE = YES_ERROR;
				GCC_WARN_UNDECLARED_SELECTOR = YES;
				GCC_WARN_UNINITIALIZED_AUTOS = YES_AGGRESSIVE;
				GCC_WARN_UNUSED_FUNCTION = YES;
				GCC_WARN_UNUSED_VARIABLE = YES;
				IPHONEOS_DEPLOYMENT_TARGET = 16.2;
				MTL_ENABLE_DEBUG_INFO = NO;
				MTL_FAST_MATH = YES;
				SDKROOT = iphoneos;
				SWIFT_COMPILATION_MODE = wholemodule;
				SWIFT_OPTIMIZATION_LEVEL = "-O";
				VALIDATE_PRODUCT = YES;
			};
			name = Release;
		};
		0ACBA2FD2992CB470043D533 /* Debug */ = {
			isa = XCBuildConfiguration;
			buildSettings = {
				ASSETCATALOG_COMPILER_APPICON_NAME = AppIcon;
				ASSETCATALOG_COMPILER_GLOBAL_ACCENT_COLOR_NAME = AccentColor;
				CODE_SIGN_STYLE = Automatic;
				CURRENT_PROJECT_VERSION = 1;
				DEVELOPMENT_ASSET_PATHS = "\"Bookworm/Preview Content\"";
				ENABLE_PREVIEWS = YES;
				GENERATE_INFOPLIST_FILE = YES;
				INFOPLIST_KEY_UIApplicationSceneManifest_Generation = YES;
				INFOPLIST_KEY_UIApplicationSupportsIndirectInputEvents = YES;
				INFOPLIST_KEY_UILaunchScreen_Generation = YES;
				INFOPLIST_KEY_UISupportedInterfaceOrientations_iPad = "UIInterfaceOrientationPortrait UIInterfaceOrientationPortraitUpsideDown UIInterfaceOrientationLandscapeLeft UIInterfaceOrientationLandscapeRight";
				INFOPLIST_KEY_UISupportedInterfaceOrientations_iPhone = "UIInterfaceOrientationPortrait UIInterfaceOrientationLandscapeLeft UIInterfaceOrientationLandscapeRight";
				LD_RUNPATH_SEARCH_PATHS = (
					"$(inherited)",
					"@executable_path/Frameworks",
				);
				MARKETING_VERSION = 1.0;
				PRODUCT_BUNDLE_IDENTIFIER = com.masudrana.Bookworm;
				PRODUCT_NAME = "$(TARGET_NAME)";
				SWIFT_EMIT_LOC_STRINGS = YES;
				SWIFT_VERSION = 5.0;
				TARGETED_DEVICE_FAMILY = "1,2";
			};
			name = Debug;
		};
		0ACBA2FE2992CB470043D533 /* Release */ = {
			isa = XCBuildConfiguration;
			buildSettings = {
				ASSETCATALOG_COMPILER_APPICON_NAME = AppIcon;
				ASSETCATALOG_COMPILER_GLOBAL_ACCENT_COLOR_NAME = AccentColor;
				CODE_SIGN_STYLE = Automatic;
				CURRENT_PROJECT_VERSION = 1;
				DEVELOPMENT_ASSET_PATHS = "\"Bookworm/Preview Content\"";
				ENABLE_PREVIEWS = YES;
				GENERATE_INFOPLIST_FILE = YES;
				INFOPLIST_KEY_UIApplicationSceneManifest_Generation = YES;
				INFOPLIST_KEY_UIApplicationSupportsIndirectInputEvents = YES;
				INFOPLIST_KEY_UILaunchScreen_Generation = YES;
				INFOPLIST_KEY_UISupportedInterfaceOrientations_iPad = "UIInterfaceOrientationPortrait UIInterfaceOrientationPortraitUpsideDown UIInterfaceOrientationLandscapeLeft UIInterfaceOrientationLandscapeRight";
				INFOPLIST_KEY_UISupportedInterfaceOrientations_iPhone = "UIInterfaceOrientationPortrait UIInterfaceOrientationLandscapeLeft UIInterfaceOrientationLandscapeRight";
				LD_RUNPATH_SEARCH_PATHS = (
					"$(inherited)",
					"@executable_path/Frameworks",
				);
				MARKETING_VERSION = 1.0;
				PRODUCT_BUNDLE_IDENTIFIER = com.masudrana.Bookworm;
				PRODUCT_NAME = "$(TARGET_NAME)";
				SWIFT_EMIT_LOC_STRINGS = YES;
				SWIFT_VERSION = 5.0;
				TARGETED_DEVICE_FAMILY = "1,2";
			};
			name = Release;
		};
/* End XCBuildConfiguration section */

/* Begin XCConfigurationList section */
		0ACBA2E92992CB460043D533 /* Build configuration list for PBXProject "Bookworm" */ = {
			isa = XCConfigurationList;
			buildConfigurations = (
				0ACBA2FA2992CB470043D533 /* Debug */,
				0ACBA2FB2992CB470043D533 /* Release */,
			);
			defaultConfigurationIsVisible = 0;
			defaultConfigurationName = Release;
		};
		0ACBA2FC2992CB470043D533 /* Build configuration list for PBXNativeTarget "Bookworm" */ = {
			isa = XCConfigurationList;
			buildConfigurations = (
				0ACBA2FD2992CB470043D533 /* Debug */,
				0ACBA2FE2992CB470043D533 /* Release */,
			);
			defaultConfigurationIsVisible = 0;
			defaultConfigurationName = Release;
		};
/* End XCConfigurationList section */

/* Begin XCVersionGroup section */
		0A2DA6E62994206D00AE4087 /* BookWorm.xcdatamodeld */ = {
			isa = XCVersionGroup;
			children = (
				0A2DA6E72994206D00AE4087 /* BookWorm.xcdatamodel */,
			);
			currentVersion = 0A2DA6E72994206D00AE4087 /* BookWorm.xcdatamodel */;
			path = BookWorm.xcdatamodeld;
			sourceTree = "<group>";
			versionGroupType = wrapper.xcdatamodel;
		};
/* End XCVersionGroup section */
	};
	rootObject = 0ACBA2E62992CB460043D533 /* Project object */;
}
